{
  "version": 1,
  "dependencies": {
    "net6.0": {
      "JetBrains.Annotations": {
        "type": "Direct",
        "requested": "[2021.3.0, )",
        "resolved": "2021.3.0",
        "contentHash": "Ddxjs5RRjf+c8m9m++WvhW1lz1bqNhsTjWvCLbQN9bvKbkJeR9MhtfNwKgBRRdG2yLHcXFr5Lf7fsvvkiPaDRg=="
      },
      "Microsoft.Extensions.Http.Polly": {
        "type": "Direct",
        "requested": "[6.0.4, )",
        "resolved": "6.0.4",
        "contentHash": "K3b24X9HBAO8JBIizvFsvBjKElNdC3QkgTM1mZoOYowODBf7EkmFlth6ESYuQHCECwBvt8SvanBudiHdWJaA7w==",
        "dependencies": {
          "Microsoft.Extensions.Http": "6.0.0",
          "Polly": "7.2.2",
          "Polly.Extensions.Http": "3.0.0"
        }
      },
      "Polly": {
        "type": "Direct",
        "requested": "[7.2.3, )",
        "resolved": "7.2.3",
        "contentHash": "DeCY0OFbNdNxsjntr1gTXHJ5pKUwYzp04Er2LLeN3g6pWhffsGuKVfMBLe1lw7x76HrPkLxKEFxBlpRxS2nDEQ=="
      },
      "Serilog": {
        "type": "Direct",
        "requested": "[2.11.0-dev-01380, )",
        "resolved": "2.11.0-dev-01380",
        "contentHash": "isf3iNN0XMZZWQx2rkQL0TG9MOPgUGHb93o6i4p/qOkj7dtRBD+STFyNj3DQcJWe25uMjJkOG/Y+9sFD1bR4vQ=="
      },
      "Serilog.AspNetCore": {
        "type": "Direct",
        "requested": "[4.1.0, )",
        "resolved": "4.1.0",
        "contentHash": "qRdEkjX10VJ5Cb3B9q/Q/tv+0ntDxAIA1YbOmmNMlkha1TU0ckK5b73eBYMNNLMAU92ofrzOEuIJEc6Q+Q1Z2A==",
        "dependencies": {
          "Microsoft.Extensions.DependencyInjection": "5.0.0",
          "Microsoft.Extensions.Logging": "5.0.0",
          "Serilog": "2.10.0",
          "Serilog.Extensions.Hosting": "4.1.2",
          "Serilog.Formatting.Compact": "1.1.0",
          "Serilog.Settings.Configuration": "3.1.0",
          "Serilog.Sinks.Console": "3.1.1",
          "Serilog.Sinks.Debug": "2.0.0",
          "Serilog.Sinks.File": "4.1.0"
        }
      },
      "Serilog.Settings.Configuration": {
        "type": "Direct",
        "requested": "[3.3.0, )",
        "resolved": "3.3.0",
        "contentHash": "7GNudISZwqaT902hqEL2OFGTZeUFWfnrNLupJkOqeF41AR3GjcxX+Hwb30xb8gG2/CDXsCMVfF8o0+8KY0fJNg==",
        "dependencies": {
          "Microsoft.Extensions.DependencyModel": "3.0.0",
          "Microsoft.Extensions.Options.ConfigurationExtensions": "2.0.0",
          "Serilog": "2.10.0"
        }
      },
      "Serilog.Sinks.Console": {
        "type": "Direct",
        "requested": "[4.0.1, )",
        "resolved": "4.0.1",
        "contentHash": "apLOvSJQLlIbKlbx+Y2UDHSP05kJsV7mou+fvJoRGs/iR+jC22r8cuFVMjjfVxz/AD4B2UCltFhE1naRLXwKNw==",
        "dependencies": {
          "Serilog": "2.10.0"
        }
      },
      "Serilog.Sinks.File": {
        "type": "Direct",
        "requested": "[5.0.0, )",
        "resolved": "5.0.0",
        "contentHash": "uwV5hdhWPwUH1szhO8PJpFiahqXmzPzJT/sOijH/kFgUx+cyoDTMM8MHD0adw9+Iem6itoibbUXHYslzXsLEAg==",
        "dependencies": {
          "Serilog": "2.10.0"
        }
      },
      "Swashbuckle.AspNetCore": {
        "type": "Direct",
        "requested": "[6.2.3, )",
        "resolved": "6.2.3",
        "contentHash": "cnzQDn0Le+hInsw2SYwlOhOCPXpYi/szcvnyqZJ12v+QyrLBwAmWXBg6RIyHB18s/mLeywC+Rg2O9ndz0IUNYQ==",
        "dependencies": {
          "Microsoft.Extensions.ApiDescription.Server": "3.0.0",
          "Swashbuckle.AspNetCore.Swagger": "6.2.3",
          "Swashbuckle.AspNetCore.SwaggerGen": "6.2.3",
          "Swashbuckle.AspNetCore.SwaggerUI": "6.2.3"
        }
      },
      "Swashbuckle.AspNetCore.Annotations": {
        "type": "Direct",
        "requested": "[6.2.3, )",
        "resolved": "6.2.3",
        "contentHash": "I8rcqNo+60+zJl5TpRF9JZSnGYPGJmgtlK+ZyTDsG+0lRDjMCPTPndcSSgeUpUh1XsMPuCx38hNu78Xf+xvjeg==",
        "dependencies": {
          "Swashbuckle.AspNetCore.SwaggerGen": "6.2.3"
        }
      },
      "Microsoft.Extensions.ApiDescription.Server": {
        "type": "Transitive",
        "resolved": "3.0.0",
        "contentHash": "LH4OE/76F6sOCslif7+Xh3fS/wUUrE5ryeXAMcoCnuwOQGT5Smw0p57IgDh/pHgHaGz/e+AmEQb7pRgb++wt0w=="
      },
      "Microsoft.Extensions.Caching.Abstractions": {
        "type": "Transitive",
        "resolved": "5.0.0",
        "contentHash": "bu8As90/SBAouMZ6fJ+qRNo1X+KgHGrVueFhhYi+E5WqEhcnp2HoWRFnMzXQ6g4RdZbvPowFerSbKNH4Dtg5yg==",
        "dependencies": {
          "Microsoft.Extensions.Primitives": "5.0.0"
        }
      },
      "Microsoft.Extensions.Caching.Memory": {
        "type": "Transitive",
        "resolved": "5.0.0",
        "contentHash": "/1qPCleFOkJe0O+xmFqCNLFYQZTJz965sVw8CUB/BQgsApBwzAUsL2BUkDvQW+geRUVTXUS9zLa0pBjC2VJ1gA==",
        "dependencies": {
          "Microsoft.Extensions.Caching.Abstractions": "5.0.0",
          "Microsoft.Extensions.DependencyInjection.Abstractions": "5.0.0",
          "Microsoft.Extensions.Logging.Abstractions": "5.0.0",
          "Microsoft.Extensions.Options": "5.0.0",
          "Microsoft.Extensions.Primitives": "5.0.0"
        }
      },
      "Microsoft.Extensions.Configuration": {
        "type": "Transitive",
        "resolved": "3.1.6",
        "contentHash": "gphCAywKC+ye1XdL+8Nv2Pd5b1Fn2yx7DekB4GQPCKaPyK94T9Tb+Sfk/iNdaDKtDl4vwidMI0w2AnoXtvofsw==",
        "dependencies": {
          "Microsoft.Extensions.Configuration.Abstractions": "3.1.6"
        }
      },
      "Microsoft.Extensions.Configuration.Abstractions": {
        "type": "Transitive",
        "resolved": "5.0.0",
        "contentHash": "ETjSBHMp3OAZ4HxGQYpwyGsD8Sw5FegQXphi0rpoGMT74S4+I2mm7XJEswwn59XAaKOzC15oDSOWEE8SzDCd6Q==",
        "dependencies": {
          "Microsoft.Extensions.Primitives": "5.0.0"
        }
      },
      "Microsoft.Extensions.Configuration.Binder": {
        "type": "Transitive",
        "resolved": "3.1.6",
        "contentHash": "ZEEuo0TEQE+a/+l4EB/KdsjVt9bIee37c74C7Q+lLiP6WiPuBytP4EmxPYwrTB/oQX8sm9W3KvVGE5WW6oaNPg==",
        "dependencies": {
          "Microsoft.Extensions.Configuration": "3.1.6"
        }
      },
      "Microsoft.Extensions.Configuration.CommandLine": {
        "type": "Transitive",
        "resolved": "3.1.6",
        "contentHash": "jXyua91KFPVWwz+vrWsKKBC8kLec75cmHSKi32ZEyq8+hLYdmGkkTmgoty3bQrM/XE5OWEQf4IS0FQz7dSYGoQ==",
        "dependencies": {
          "Microsoft.Extensions.Configuration": "3.1.6"
        }
      },
      "Microsoft.Extensions.Configuration.EnvironmentVariables": {
        "type": "Transitive",
        "resolved": "3.1.6",
        "contentHash": "FQqYNZ+my/gWjazYt9gnI4PmhqroO+8qkcR0pxL4sGIjbNNzYAydxPjjsInqUhaaflIrRo0sYd8s3Wbc1sGpcQ==",
        "dependencies": {
          "Microsoft.Extensions.Configuration": "3.1.6"
        }
      },
      "Microsoft.Extensions.Configuration.FileExtensions": {
        "type": "Transitive",
        "resolved": "3.1.6",
        "contentHash": "XPxBt0rtj66Z5rcVzykgTw+PCXPCWXpOCookSvJXBG+v55zYa//nLayLbrDpGMEJH/nyOTdtRh6zlkmGeLk/7w==",
        "dependencies": {
          "Microsoft.Extensions.Configuration": "3.1.6",
          "Microsoft.Extensions.FileProviders.Physical": "3.1.6"
        }
      },
      "Microsoft.Extensions.Configuration.Json": {
        "type": "Transitive",
        "resolved": "3.1.6",
        "contentHash": "lvAoaNuiHDNo8dicd15JXle5pgp/N0RTTa7ozJD+s0NQONFAjS25g8kjjFe3XZaM8XiZyYVYCFaQE8Q+M20IXg==",
        "dependencies": {
          "Microsoft.Extensions.Configuration": "3.1.6",
          "Microsoft.Extensions.Configuration.FileExtensions": "3.1.6"
        }
      },
      "Microsoft.Extensions.Configuration.UserSecrets": {
        "type": "Transitive",
        "resolved": "3.1.6",
        "contentHash": "TPs9iJ2eQmWCYG56DkxWG7lp9Gt5oF35Ev6UoJLCDSEBrgeMz0zTThz7jjNWS4YffS1mAFFv5VaBcDnpGEzJ1Q==",
        "dependencies": {
          "Microsoft.Extensions.Configuration.Json": "3.1.6"
        }
      },
      "Microsoft.Extensions.DependencyInjection": {
        "type": "Transitive",
        "resolved": "6.0.0",
        "contentHash": "k6PWQMuoBDGGHOQTtyois2u4AwyVcIwL2LaSLlTZQm2CYcJ1pxbt6jfAnpWmzENA/wfrYRI/X9DTLoUkE4AsLw==",
        "dependencies": {
          "Microsoft.Extensions.DependencyInjection.Abstractions": "6.0.0",
          "System.Runtime.CompilerServices.Unsafe": "6.0.0"
        }
      },
      "Microsoft.Extensions.DependencyInjection.Abstractions": {
        "type": "Transitive",
        "resolved": "6.0.0",
        "contentHash": "xlzi2IYREJH3/m6+lUrQlujzX8wDitm4QGnUu6kUXTQAWPuZY8i+ticFJbzfqaetLA6KR/rO6Ew/HuYD+bxifg=="
      },
      "Microsoft.Extensions.DependencyModel": {
        "type": "Transitive",
        "resolved": "3.0.0",
        "contentHash": "Iaectmzg9Dc4ZbKX/FurrRjgO/I8rTumL5UU+Uube6vZuGetcnXoIgTA94RthFWePhdMVm8MMhVFJZdbzMsdyQ==",
        "dependencies": {
          "System.Text.Json": "4.6.0"
        }
      },
      "Microsoft.Extensions.FileProviders.Abstractions": {
        "type": "Transitive",
        "resolved": "3.1.8",
        "contentHash": "U7ffyzrPfRDH5K3h/mBpqJVoHbppw1kc1KyHZcZeDR7b1A0FRaqMSiizGpN9IGwWs9BuN7oXIKFyviuSGBjHtQ==",
        "dependencies": {
          "Microsoft.Extensions.Primitives": "3.1.8"
        }
      },
      "Microsoft.Extensions.FileProviders.Physical": {
        "type": "Transitive",
        "resolved": "3.1.6",
        "contentHash": "rwngFMfwi2TBkAy/2SSIwR6ajl3cIEOkOlPlmG1j5cGGvJfNA1ujQNOr8rotI1z6keFi7zXRLLhm9gmaoMVDOA==",
        "dependencies": {
          "Microsoft.Extensions.FileProviders.Abstractions": "3.1.6",
          "Microsoft.Extensions.FileSystemGlobbing": "3.1.6"
        }
      },
      "Microsoft.Extensions.FileSystemGlobbing": {
        "type": "Transitive",
        "resolved": "3.1.6",
        "contentHash": "QMyvTl195jfGHEH7edeNsQWEVkwex3CoYs/hfzwy1rXIVTfnGLp6SIhL7JfokKa1xM4UamPEggmxFTH/VN4Jrg=="
      },
      "Microsoft.Extensions.Hosting": {
        "type": "Transitive",
        "resolved": "3.1.6",
        "contentHash": "Gp6znPFzIcobx8e8qUcLMKgh8aBqnXqslTaBaUTDBKi/Zh2OKPd40BRp2YHcw3rl9/bZ9gXy2fHKy4C6ejN8oA==",
        "dependencies": {
          "Microsoft.Extensions.Configuration": "3.1.6",
          "Microsoft.Extensions.Configuration.CommandLine": "3.1.6",
          "Microsoft.Extensions.Configuration.EnvironmentVariables": "3.1.6",
          "Microsoft.Extensions.Configuration.UserSecrets": "3.1.6",
          "Microsoft.Extensions.DependencyInjection": "3.1.6",
          "Microsoft.Extensions.FileProviders.Physical": "3.1.6",
          "Microsoft.Extensions.Hosting.Abstractions": "3.1.6",
          "Microsoft.Extensions.Logging": "3.1.6",
          "Microsoft.Extensions.Logging.Console": "3.1.6",
          "Microsoft.Extensions.Logging.Debug": "3.1.6",
          "Microsoft.Extensions.Logging.EventLog": "3.1.6",
          "Microsoft.Extensions.Logging.EventSource": "3.1.6"
        }
      },
      "Microsoft.Extensions.Hosting.Abstractions": {
        "type": "Transitive",
        "resolved": "3.1.8",
        "contentHash": "7ZJUKwPipkDvuv2KJPZ3r01wp2AWNMiYH+61i0dL89F7QICknjKpWgLKLpTSUYFgl77S3b4264I6i4HzDdrb2A==",
        "dependencies": {
          "Microsoft.Extensions.Configuration.Abstractions": "3.1.8",
          "Microsoft.Extensions.DependencyInjection.Abstractions": "3.1.8",
          "Microsoft.Extensions.FileProviders.Abstractions": "3.1.8",
          "Microsoft.Extensions.Logging.Abstractions": "3.1.8"
        }
      },
      "Microsoft.Extensions.Http": {
        "type": "Transitive",
        "resolved": "6.0.0",
        "contentHash": "15+pa2G0bAMHbHewaQIdr/y6ag2H3yh4rd9hTXavtWDzQBkvpe2RMqFg8BxDpcQWssmjmBApGPcw93QRz6YcMg==",
        "dependencies": {
          "Microsoft.Extensions.DependencyInjection.Abstractions": "6.0.0",
          "Microsoft.Extensions.Logging": "6.0.0",
          "Microsoft.Extensions.Logging.Abstractions": "6.0.0",
          "Microsoft.Extensions.Options": "6.0.0"
        }
      },
      "Microsoft.Extensions.Logging": {
        "type": "Transitive",
        "resolved": "6.0.0",
        "contentHash": "eIbyj40QDg1NDz0HBW0S5f3wrLVnKWnDJ/JtZ+yJDFnDj90VoPuoPmFkeaXrtu+0cKm5GRAwoDf+dBWXK0TUdg==",
        "dependencies": {
          "Microsoft.Extensions.DependencyInjection": "6.0.0",
          "Microsoft.Extensions.DependencyInjection.Abstractions": "6.0.0",
          "Microsoft.Extensions.Logging.Abstractions": "6.0.0",
          "Microsoft.Extensions.Options": "6.0.0",
          "System.Diagnostics.DiagnosticSource": "6.0.0"
        }
      },
      "Microsoft.Extensions.Logging.Abstractions": {
        "type": "Transitive",
        "resolved": "6.0.0",
        "contentHash": "/HggWBbTwy8TgebGSX5DBZ24ndhzi93sHUBDvP1IxbZD7FDokYzdAr6+vbWGjw2XAfR2EJ1sfKUotpjHnFWPxA=="
      },
      "Microsoft.Extensions.Logging.Configuration": {
        "type": "Transitive",
        "resolved": "3.1.6",
        "contentHash": "pon4Rm7wJBFG3E/1WG+m90Eb8nBVc4WscrEyCD9LSfw4s0fbuxn97+wBvmZ9AyTz5bqDmFGT9ecBiws7nlqaKg==",
        "dependencies": {
          "Microsoft.Extensions.Logging": "3.1.6",
          "Microsoft.Extensions.Options.ConfigurationExtensions": "3.1.6"
        }
      },
      "Microsoft.Extensions.Logging.Console": {
        "type": "Transitive",
        "resolved": "3.1.6",
        "contentHash": "+0XSV+1Wf/7xu1NQol2+yhlqOOWI9NmQSyEeVuBhnD/TsVg+mAZAP6TEmdS5fdCFyVy9sZF4QaQCSDEMRbKq0g==",
        "dependencies": {
          "Microsoft.Extensions.Configuration.Abstractions": "3.1.6",
          "Microsoft.Extensions.Logging": "3.1.6",
          "Microsoft.Extensions.Logging.Configuration": "3.1.6"
        }
      },
      "Microsoft.Extensions.Logging.Debug": {
        "type": "Transitive",
        "resolved": "3.1.6",
        "contentHash": "7XFX/O8TxYQL2moddqBybzsCjfWbxGB1vzlhBN9AbPFJDqGaxUd0amLjbmYNcv8oKzjVjp4SuqtkLAFmEekZmQ==",
        "dependencies": {
          "Microsoft.Extensions.Logging": "3.1.6"
        }
      },
      "Microsoft.Extensions.Logging.EventLog": {
        "type": "Transitive",
        "resolved": "3.1.6",
        "contentHash": "EMe0NWs3u3WEWmi0mtAI0WWIAcZCxVYr1ugbl2lAKw3urZO0act0peeQjU/nfu9SLtuTHeQRH/f7Qcd/VbnJpQ==",
        "dependencies": {
          "Microsoft.Extensions.Logging": "3.1.6",
          "System.Diagnostics.EventLog": "4.7.0"
        }
      },
      "Microsoft.Extensions.Logging.EventSource": {
        "type": "Transitive",
        "resolved": "3.1.6",
        "contentHash": "yEWUTEKdldbJqbhfUh7Ef2SC0WFWegvVcMsnCXtfQncKQb/GY+ZJJRrWxQ4KhuGfgE1sbNPrFmmZ1oLCtaaCMg==",
        "dependencies": {
          "Microsoft.Extensions.Logging": "3.1.6"
        }
      },
      "Microsoft.Extensions.Options": {
        "type": "Transitive",
        "resolved": "6.0.0",
        "contentHash": "dzXN0+V1AyjOe2xcJ86Qbo233KHuLEY0njf/P2Kw8SfJU+d45HNS2ctJdnEnrWbM9Ye2eFgaC5Mj9otRMU6IsQ==",
        "dependencies": {
          "Microsoft.Extensions.DependencyInjection.Abstractions": "6.0.0",
          "Microsoft.Extensions.Primitives": "6.0.0"
        }
      },
      "Microsoft.Extensions.Options.ConfigurationExtensions": {
        "type": "Transitive",
        "resolved": "3.1.6",
        "contentHash": "T/NaRlfgmAXCqGteoDbzxQuV72LqGhWDSKDNufGmKP7t1wAGHhLKD31GL0VXoI/s0kuEbGLY/5QTo1ATD2TRGA==",
        "dependencies": {
          "Microsoft.Extensions.Configuration.Abstractions": "3.1.6",
          "Microsoft.Extensions.Configuration.Binder": "3.1.6",
          "Microsoft.Extensions.DependencyInjection.Abstractions": "3.1.6",
          "Microsoft.Extensions.Options": "3.1.6"
        }
      },
      "Microsoft.Extensions.Primitives": {
        "type": "Transitive",
        "resolved": "6.0.0",
        "contentHash": "9+PnzmQFfEFNR9J2aDTfJGGupShHjOuGw4VUv+JB044biSHrnmCIMD+mJHmb2H7YryrfBEXDurxQ47gJZdCKNQ==",
        "dependencies": {
          "System.Runtime.CompilerServices.Unsafe": "6.0.0"
        }
      },
      "Microsoft.NETCore.Platforms": {
        "type": "Transitive",
        "resolved": "3.1.0",
        "contentHash": "z7aeg8oHln2CuNulfhiLYxCVMPEwBl3rzicjvIX+4sUuCwvXw5oXQEtbiU2c0z4qYL5L3Kmx0mMA/+t/SbY67w=="
      },
      "Microsoft.OpenApi": {
        "type": "Transitive",
        "resolved": "1.2.3",
        "contentHash": "Nug3rO+7Kl5/SBAadzSMAVgqDlfGjJZ0GenQrLywJ84XGKO0uRqkunz5Wyl0SDwcR71bAATXvSdbdzPrYRYKGw=="
      },
      "Microsoft.Win32.Registry": {
        "type": "Transitive",
        "resolved": "4.7.0",
        "contentHash": "KSrRMb5vNi0CWSGG1++id2ZOs/1QhRqROt+qgbEAdQuGjGrFcl4AOl4/exGPUYz2wUnU42nvJqon1T3U0kPXLA==",
        "dependencies": {
          "System.Security.AccessControl": "4.7.0",
          "System.Security.Principal.Windows": "4.7.0"
        }
      },
      "Microsoft.Win32.SystemEvents": {
        "type": "Transitive",
        "resolved": "4.7.0",
        "contentHash": "mtVirZr++rq+XCDITMUdnETD59XoeMxSpLRIII7JRI6Yj0LEDiO1pPn0ktlnIj12Ix8bfvQqQDMMIF9wC98oCA==",
        "dependencies": {
          "Microsoft.NETCore.Platforms": "3.1.0"
        }
      },
      "Newtonsoft.Json": {
        "type": "Transitive",
        "resolved": "13.0.1",
        "contentHash": "ppPFpBcvxdsfUonNcvITKqLl3bqxWbDCZIzDWHzjpdAHRFfZe0Dw9HmA0+za13IdyrgJwpkDTDA9fHaxOrt20A=="
      },
      "Polly.Extensions.Http": {
        "type": "Transitive",
        "resolved": "3.0.0",
        "contentHash": "drrG+hB3pYFY7w1c3BD+lSGYvH2oIclH8GRSehgfyP5kjnFnHKQuuBhuHLv+PWyFuaTDyk/vfRpnxOzd11+J8g==",
        "dependencies": {
          "Polly": "7.1.0"
        }
      },
      "RabbitMQ.Client": {
        "type": "Transitive",
        "resolved": "6.1.0",
        "contentHash": "XtiIVPRpcR82AWoe64Hh9gDHqBtheFuL/88YubNKkCpNcctkWFQjMlz3zTyf2lGvZouxCXarDm0nYhGBMbt58Q==",
        "dependencies": {
          "System.Memory": "4.5.4",
          "System.Threading.Channels": "4.7.1"
        }
      },
      "Serilog.Extensions.Hosting": {
        "type": "Transitive",
        "resolved": "4.1.2",
        "contentHash": "nOpvvYgDoepae4FsXnyX4uSYLO+f+v7aRyNpA0pbpxjdkpw3FWZtfQDe2gnUmZGNYMLWnxMRCPJQ455U/dOUbQ==",
        "dependencies": {
          "Microsoft.Extensions.DependencyInjection.Abstractions": "3.1.8",
          "Microsoft.Extensions.Hosting.Abstractions": "3.1.8",
          "Microsoft.Extensions.Logging.Abstractions": "3.1.8",
          "Serilog": "2.10.0",
          "Serilog.Extensions.Logging": "3.0.1"
        }
      },
      "Serilog.Extensions.Logging": {
        "type": "Transitive",
        "resolved": "3.0.1",
        "contentHash": "U0xbGoZuxJRjE3C5vlCfrf9a4xHTmbrCXKmaA14cHAqiT1Qir0rkV7Xss9GpPJR3MRYH19DFUUqZ9hvWeJrzdQ==",
        "dependencies": {
          "Microsoft.Extensions.Logging": "2.0.0",
          "Serilog": "2.8.0"
        }
      },
      "Serilog.Formatting.Compact": {
        "type": "Transitive",
        "resolved": "1.1.0",
        "contentHash": "pNroKVjo+rDqlxNG5PXkRLpfSCuDOBY0ri6jp9PLe505ljqwhwZz8ospy2vWhQlFu5GkIesh3FcDs4n7sWZODA==",
        "dependencies": {
          "Serilog": "2.8.0"
        }
      },
      "Serilog.Sinks.Debug": {
        "type": "Transitive",
        "resolved": "2.0.0",
        "contentHash": "Y6g3OBJ4JzTyyw16fDqtFcQ41qQAydnEvEqmXjhwhgjsnG/FaJ8GUqF5ldsC/bVkK8KYmqrPhDO+tm4dF6xx4A==",
        "dependencies": {
          "Serilog": "2.10.0"
        }
      },
      "Swashbuckle.AspNetCore.Swagger": {
        "type": "Transitive",
        "resolved": "6.2.3",
        "contentHash": "qOF7j1sL0bWm8g/qqHVPCvkO3JlVvUIB8WfC98kSh6BT5y5DAnBNctfac7XR5EZf+eD7/WasvANncTqwZYfmWQ==",
        "dependencies": {
          "Microsoft.OpenApi": "1.2.3"
        }
      },
      "Swashbuckle.AspNetCore.SwaggerGen": {
        "type": "Transitive",
        "resolved": "6.2.3",
        "contentHash": "+Xq7WdMCCfcXlnbLJVFNgY8ITdP2TRYIlpbt6IKzDw5FwFxdi9lBfNDtcT+/wkKwX70iBBFmXldnnd02/VO72A==",
        "dependencies": {
          "Swashbuckle.AspNetCore.Swagger": "6.2.3"
        }
      },
      "Swashbuckle.AspNetCore.SwaggerUI": {
        "type": "Transitive",
        "resolved": "6.2.3",
        "contentHash": "bCRI87uKJVb4G+KURWm8LQrL64St04dEFZcF6gIM67Zc0Sr/N47EO83ybLMYOvfNdO1DCv8xwPcrz9J/VEhQ5g=="
      },
      "System.Collections.Immutable": {
        "type": "Transitive",
        "resolved": "5.0.0",
        "contentHash": "FXkLXiK0sVVewcso0imKQoOxjoPAj42R8HtjjbSjVPAzwDfzoyoznWxgA3c38LDbN9SJux1xXoXYAhz98j7r2g=="
      },
      "System.ComponentModel.Annotations": {
        "type": "Transitive",
        "resolved": "5.0.0",
        "contentHash": "dMkqfy2el8A8/I76n2Hi1oBFEbG1SfxD2l5nhwXV3XjlnOmwxJlQbYpJH4W51odnU9sARCSAgv7S3CyAFMkpYg=="
      },
      "System.Diagnostics.DiagnosticSource": {
        "type": "Transitive",
        "resolved": "6.0.0",
        "contentHash": "frQDfv0rl209cKm1lnwTgFPzNigy2EKk1BS3uAvHvlBVKe5cymGyHO+Sj+NLv5VF/AhHsqPIUUwya5oV4CHMUw==",
        "dependencies": {
          "System.Runtime.CompilerServices.Unsafe": "6.0.0"
        }
      },
      "System.Diagnostics.EventLog": {
        "type": "Transitive",
        "resolved": "4.7.0",
        "contentHash": "iDoKGQcRwX0qwY+eAEkaJGae0d/lHlxtslO+t8pJWAUxlvY3tqLtVOPnW2UU4cFjP0Y/L1QBqhkZfSyGqVMR2w==",
        "dependencies": {
          "Microsoft.NETCore.Platforms": "3.1.0",
          "Microsoft.Win32.Registry": "4.7.0",
          "System.Security.Principal.Windows": "4.7.0"
        }
      },
      "System.Drawing.Common": {
        "type": "Transitive",
        "resolved": "4.7.0",
        "contentHash": "v+XbyYHaZjDfn0ENmJEV1VYLgGgCTx1gnfOBcppowbpOAriglYgGCvFCPr2EEZyBvXlpxbEsTwkOlInl107ahA==",
        "dependencies": {
          "Microsoft.NETCore.Platforms": "3.1.0",
          "Microsoft.Win32.SystemEvents": "4.7.0"
        }
      },
      "System.Memory": {
        "type": "Transitive",
        "resolved": "4.5.4",
        "contentHash": "1MbJTHS1lZ4bS4FmsJjnuGJOu88ZzTT2rLvrhW7Ygic+pC0NWA+3hgAen0HRdsocuQXCkUTdFn9yHJJhsijDXw=="
      },
      "System.Reflection.Emit": {
        "type": "Transitive",
        "resolved": "4.7.0",
        "contentHash": "VR4kk8XLKebQ4MZuKuIni/7oh+QGFmZW3qORd1GvBq/8026OpW501SzT/oypwiQl4TvT8ErnReh/NzY9u+C6wQ=="
      },
      "System.Reflection.Emit.Lightweight": {
        "type": "Transitive",
        "resolved": "4.7.0",
        "contentHash": "a4OLB4IITxAXJeV74MDx49Oq2+PsF6Sml54XAFv+2RyWwtDBcabzoxiiJRhdhx+gaohLh4hEGCLQyBozXoQPqA=="
      },
      "System.Reflection.Metadata": {
        "type": "Transitive",
        "resolved": "1.8.1",
        "contentHash": "1wrPLtYQFUGTsl9OqPzdzmMRdQvo3PRK38y+4rCHG0f6iyvSYwNXVr0orMvsu2orOIiVbk6MMckINI1g54ZvfA=="
      },
      "System.Runtime.CompilerServices.Unsafe": {
        "type": "Transitive",
        "resolved": "6.0.0",
        "contentHash": "/iUeP3tq1S0XdNNoMz5C9twLSrM/TH+qElHkXWaPvuNOt+99G75NrV0OS2EqHx5wMN7popYjpc8oTjC1y16DLg=="
      },
      "System.Security.AccessControl": {
        "type": "Transitive",
        "resolved": "4.7.0",
        "contentHash": "JECvTt5aFF3WT3gHpfofL2MNNP6v84sxtXxpqhLBCcDRzqsPBmHhQ6shv4DwwN2tRlzsUxtb3G9M3763rbXKDg==",
        "dependencies": {
          "Microsoft.NETCore.Platforms": "3.1.0",
          "System.Security.Principal.Windows": "4.7.0"
        }
      },
      "System.Security.Cryptography.Cng": {
        "type": "Transitive",
        "resolved": "4.7.0",
        "contentHash": "4WQjFuypWtxb/bl/YwEE7LYGn4fgpsikFfBU6xwEm4YBYiRAhXAEJ62lILBu2JJSFbClIAntFTGfDZafn8yZTg=="
      },
      "System.Security.Cryptography.Pkcs": {
        "type": "Transitive",
        "resolved": "4.7.0",
        "contentHash": "0Srzh6YlhjuMxaqMyeCCdZs22cucaUAG6SKDd3gNHBJmre0VZ71ekzWu9rvLD4YXPetyNdPvV6Qst+8C++9v3Q==",
        "dependencies": {
          "System.Security.Cryptography.Cng": "4.7.0"
        }
      },
      "System.Security.Cryptography.Xml": {
        "type": "Transitive",
        "resolved": "4.7.0",
        "contentHash": "B6pAyxMvXGbZemb+ER877KSr6OKis+qAdxhhKKK36I6sgj2js8mbcEVviZEHYV8XRTWjbKsAq8Z/zoaegA30dA==",
        "dependencies": {
          "System.Security.Cryptography.Pkcs": "4.7.0",
          "System.Security.Permissions": "4.7.0"
        }
      },
      "System.Security.Permissions": {
        "type": "Transitive",
        "resolved": "4.7.0",
        "contentHash": "dkOV6YYVBnYRa15/yv004eCGRBVADXw8qRbbNiCn/XpdJSUXkkUeIvdvFHkvnko4CdKMqG8yRHC4ox83LSlMsQ==",
        "dependencies": {
          "System.Security.AccessControl": "4.7.0",
          "System.Windows.Extensions": "4.7.0"
        }
      },
      "System.Security.Principal.Windows": {
        "type": "Transitive",
        "resolved": "4.7.0",
        "contentHash": "ojD0PX0XhneCsUbAZVKdb7h/70vyYMDYs85lwEI+LngEONe/17A0cFaRFqZU+sOEidcVswYWikYOQ9PPfjlbtQ=="
      },
      "System.Text.Json": {
        "type": "Transitive",
        "resolved": "4.6.0",
        "contentHash": "4F8Xe+JIkVoDJ8hDAZ7HqLkjctN/6WItJIzQaifBwClC7wmoLSda/Sv2i6i1kycqDb3hWF4JCVbpAweyOKHEUA=="
      },
      "System.Threading.Channels": {
        "type": "Transitive",
        "resolved": "4.7.1",
        "contentHash": "6akRtHK/wab3246t4p5v3HQrtQk8LboOt5T4dtpNgsp3zvDeM4/Gx8V12t0h+c/W9/enUrilk8n6EQqdQorZAA=="
      },
      "System.Windows.Extensions": {
        "type": "Transitive",
        "resolved": "4.7.0",
        "contentHash": "CeWTdRNfRaSh0pm2gDTJFwVaXfTq6Xwv/sA887iwPTneW7oMtMlpvDIO+U60+3GWTB7Aom6oQwv5VZVUhQRdPQ==",
        "dependencies": {
          "System.Drawing.Common": "4.7.0"
        }
      },
      "riskified.paymentgateway": {
        "type": "Project",
        "dependencies": {
          "Microsoft.EntityFrameworkCore": "5.0.12",
          "Microsoft.EntityFrameworkCore.Relational": "5.0.12",
          "Newtonsoft.Json": "13.0.1"
        }
      }
    }
  }
}